
Microsoft Visual Studio Solution File, Format Version 12.00
# Visual Studio 2013
VisualStudioVersion = 12.0.21005.1
MinimumVisualStudioVersion = 10.0.40219.1
Project("{FAE04EC0-301F-11D3-BF4B-00C04F79EFBC}") = "Componente", "Componente\Componente.csproj", "{8732916C-EAB1-49BD-8CE8-65AB10BA85C1}"
EndProject
Project("{FAE04EC0-301F-11D3-BF4B-00C04F79EFBC}") = "Servidor", "Servidor\Servidor.csproj", "{2D3CDBFF-1E08-4E23-A1AA-04D9DEA681EE}"
EndProject
Project("{FAE04EC0-301F-11D3-BF4B-00C04F79EFBC}") = "Cliente", "Cliente\Cliente.csproj", "{02CE958E-895A-4DBB-A557-7802D702B333}"
EndProject
Global
	GlobalSection(SolutionConfigurationPlatforms) = preSolution
		Debug|Any CPU = Debug|Any CPU
		Release|Any CPU = Release|Any CPU
	EndGlobalSection
	GlobalSection(ProjectConfigurationPlatforms) = postSolution
		{8732916C-EAB1-49BD-8CE8-65AB10BA85C1}.Debug|Any CPU.ActiveCfg = Debug|Any CPU
		{8732916C-EAB1-49BD-8CE8-65AB10BA85C1}.Debug|Any CPU.Build.0 = Debug|Any CPU
		{8732916C-EAB1-49BD-8CE8-65AB10BA85C1}.Release|Any CPU.ActiveCfg = Release|Any CPU
		{8732916C-EAB1-49BD-8CE8-65AB10BA85C1}.Release|Any CPU.Build.0 = Release|Any CPU
		{2D3CDBFF-1E08-4E23-A1AA-04D9DEA681EE}.Debug|Any CPU.ActiveCfg = Debug|Any CPU
		{2D3CDBFF-1E08-4E23-A1AA-04D9DEA681EE}.Debug|Any CPU.Build.0 = Debug|Any CPU
		{2D3CDBFF-1E08-4E23-A1AA-04D9DEA681EE}.Release|Any CPU.ActiveCfg = Release|Any CPU
		{2D3CDBFF-1E08-4E23-A1AA-04D9DEA681EE}.Release|Any CPU.Build.0 = Release|Any CPU
		{02CE958E-895A-4DBB-A557-7802D702B333}.Debug|Any CPU.ActiveCfg = Debug|Any CPU
		{02CE958E-895A-4DBB-A557-7802D702B333}.Debug|Any CPU.Build.0 = Debug|Any CPU
		{02CE958E-895A-4DBB-A557-7802D702B333}.Release|Any CPU.ActiveCfg = Release|Any CPU
		{02CE958E-895A-4DBB-A557-7802D702B333}.Release|Any CPU.Build.0 = Release|Any CPU
	EndGlobalSection
	GlobalSection(SolutionProperties) = preSolution
		HideSolutionNode = FALSE
	EndGlobalSection
EndGlobal
