
Microsoft Visual Studio Solution File, Format Version 12.00
# Visual Studio 2013
VisualStudioVersion = 12.0.21005.1
MinimumVisualStudioVersion = 10.0.40219.1
Project("{FAE04EC0-301F-11D3-BF4B-00C04F79EFBC}") = "Componente", "Componente\Componente.csproj", "{96861456-24F9-4D75-8CD2-5E697CB1B84F}"
EndProject
Project("{FAE04EC0-301F-11D3-BF4B-00C04F79EFBC}") = "Servidor", "Servidor\Servidor.csproj", "{C389DB76-741A-4F93-8FA8-E62B5262ADC1}"
EndProject
Project("{FAE04EC0-301F-11D3-BF4B-00C04F79EFBC}") = "Cliente", "Cliente\Cliente.csproj", "{AF748832-E703-4A78-BA34-3839EBFF5512}"
EndProject
Global
	GlobalSection(SolutionConfigurationPlatforms) = preSolution
		Debug|Any CPU = Debug|Any CPU
		Release|Any CPU = Release|Any CPU
	EndGlobalSection
	GlobalSection(ProjectConfigurationPlatforms) = postSolution
		{96861456-24F9-4D75-8CD2-5E697CB1B84F}.Debug|Any CPU.ActiveCfg = Debug|Any CPU
		{96861456-24F9-4D75-8CD2-5E697CB1B84F}.Debug|Any CPU.Build.0 = Debug|Any CPU
		{96861456-24F9-4D75-8CD2-5E697CB1B84F}.Release|Any CPU.ActiveCfg = Release|Any CPU
		{96861456-24F9-4D75-8CD2-5E697CB1B84F}.Release|Any CPU.Build.0 = Release|Any CPU
		{C389DB76-741A-4F93-8FA8-E62B5262ADC1}.Debug|Any CPU.ActiveCfg = Debug|Any CPU
		{C389DB76-741A-4F93-8FA8-E62B5262ADC1}.Debug|Any CPU.Build.0 = Debug|Any CPU
		{C389DB76-741A-4F93-8FA8-E62B5262ADC1}.Release|Any CPU.ActiveCfg = Release|Any CPU
		{C389DB76-741A-4F93-8FA8-E62B5262ADC1}.Release|Any CPU.Build.0 = Release|Any CPU
		{AF748832-E703-4A78-BA34-3839EBFF5512}.Debug|Any CPU.ActiveCfg = Debug|Any CPU
		{AF748832-E703-4A78-BA34-3839EBFF5512}.Debug|Any CPU.Build.0 = Debug|Any CPU
		{AF748832-E703-4A78-BA34-3839EBFF5512}.Release|Any CPU.ActiveCfg = Release|Any CPU
		{AF748832-E703-4A78-BA34-3839EBFF5512}.Release|Any CPU.Build.0 = Release|Any CPU
	EndGlobalSection
	GlobalSection(SolutionProperties) = preSolution
		HideSolutionNode = FALSE
	EndGlobalSection
EndGlobal
